
Microsoft Visual Studio Solution File, Format Version 12.00
# Visual Studio Version 16
VisualStudioVersion = 16.0.29613.14
MinimumVisualStudioVersion = 10.0.40219.1
Project("{9A19103F-16F7-4668-BE54-9A1E7A4F7556}") = "api", "api\api.csproj", "{300CC1BA-D40D-400F-8810-21A0E12E2410}"
EndProject
Global
	GlobalSection(SolutionConfigurationPlatforms) = preSolution
		Debug|Any CPU = Debug|Any CPU
		Release|Any CPU = Release|Any CPU
	EndGlobalSection
	GlobalSection(ProjectConfigurationPlatforms) = postSolution
		{300CC1BA-D40D-400F-8810-21A0E12E2410}.Debug|Any CPU.ActiveCfg = Debug|Any CPU
		{300CC1BA-D40D-400F-8810-21A0E12E2410}.Debug|Any CPU.Build.0 = Debug|Any CPU
		{300CC1BA-D40D-400F-8810-21A0E12E2410}.Release|Any CPU.ActiveCfg = Release|Any CPU
		{300CC1BA-D40D-400F-8810-21A0E12E2410}.Release|Any CPU.Build.0 = Release|Any CPU
	EndGlobalSection
	GlobalSection(SolutionProperties) = preSolution
		HideSolutionNode = FALSE
	EndGlobalSection
	GlobalSection(ExtensibilityGlobals) = postSolution
		SolutionGuid = {FE073F19-56CB-47B8-9533-9AC873647194}
	EndGlobalSection
EndGlobal
