
Microsoft Visual Studio Solution File, Format Version 12.00
# Visual Studio Version 16
VisualStudioVersion = 16.0.29613.14
MinimumVisualStudioVersion = 10.0.40219.1
Project("{FAE04EC0-301F-11D3-BF4B-00C04F79EFBC}") = "api", "api\api.csproj", "{670B0E55-D63B-4223-9A5C-322A19073E81}"
EndProject
Project("{FAE04EC0-301F-11D3-BF4B-00C04F79EFBC}") = "app", "app\app.csproj", "{ACF1C980-09A0-4B06-93D1-CF16748FBC84}"
EndProject
Global
	GlobalSection(SolutionConfigurationPlatforms) = preSolution
		Debug|Any CPU = Debug|Any CPU
		Release|Any CPU = Release|Any CPU
	EndGlobalSection
	GlobalSection(ProjectConfigurationPlatforms) = postSolution
		{670B0E55-D63B-4223-9A5C-322A19073E81}.Debug|Any CPU.ActiveCfg = Debug|Any CPU
		{670B0E55-D63B-4223-9A5C-322A19073E81}.Debug|Any CPU.Build.0 = Debug|Any CPU
		{670B0E55-D63B-4223-9A5C-322A19073E81}.Release|Any CPU.ActiveCfg = Release|Any CPU
		{670B0E55-D63B-4223-9A5C-322A19073E81}.Release|Any CPU.Build.0 = Release|Any CPU
		{ACF1C980-09A0-4B06-93D1-CF16748FBC84}.Debug|Any CPU.ActiveCfg = Debug|Any CPU
		{ACF1C980-09A0-4B06-93D1-CF16748FBC84}.Debug|Any CPU.Build.0 = Debug|Any CPU
		{ACF1C980-09A0-4B06-93D1-CF16748FBC84}.Release|Any CPU.ActiveCfg = Release|Any CPU
		{ACF1C980-09A0-4B06-93D1-CF16748FBC84}.Release|Any CPU.Build.0 = Release|Any CPU
	EndGlobalSection
	GlobalSection(SolutionProperties) = preSolution
		HideSolutionNode = FALSE
	EndGlobalSection
	GlobalSection(ExtensibilityGlobals) = postSolution
		SolutionGuid = {17644D83-6262-42DC-A43D-32CDEB808E74}
	EndGlobalSection
EndGlobal
