
Microsoft Visual Studio Solution File, Format Version 12.00
# Visual Studio Version 16
VisualStudioVersion = 16.0.29613.14
MinimumVisualStudioVersion = 10.0.40219.1
Project("{FAE04EC0-301F-11D3-BF4B-00C04F79EFBC}") = "client", "client.csproj", "{8FF2263F-C783-4385-9445-8A61A48F9B2B}"
EndProject
Global
	GlobalSection(SolutionConfigurationPlatforms) = preSolution
		Debug|Any CPU = Debug|Any CPU
		Release|Any CPU = Release|Any CPU
	EndGlobalSection
	GlobalSection(ProjectConfigurationPlatforms) = postSolution
		{8FF2263F-C783-4385-9445-8A61A48F9B2B}.Debug|Any CPU.ActiveCfg = Debug|Any CPU
		{8FF2263F-C783-4385-9445-8A61A48F9B2B}.Debug|Any CPU.Build.0 = Debug|Any CPU
		{8FF2263F-C783-4385-9445-8A61A48F9B2B}.Release|Any CPU.ActiveCfg = Release|Any CPU
		{8FF2263F-C783-4385-9445-8A61A48F9B2B}.Release|Any CPU.Build.0 = Release|Any CPU
	EndGlobalSection
	GlobalSection(SolutionProperties) = preSolution
		HideSolutionNode = FALSE
	EndGlobalSection
	GlobalSection(ExtensibilityGlobals) = postSolution
		SolutionGuid = {EE4000AC-5B26-447E-B13B-DA40ED39A636}
	EndGlobalSection
EndGlobal
